// !$*UTF8*$!
{
	archiveVersion = 1;
	classes = {
	};
	objectVersion = 56;
	objects = {

/* Begin PBXBuildFile section */
		4A3B7F952B53C0EB000C47F0 /* IGT_Music_WorkshopApp.swift in Sources */ = {isa = PBXBuildFile; fileRef = 4A3B7F942B53C0EB000C47F0 /* IGT_Music_WorkshopApp.swift */; };
		4A3B7F972B53C0EB000C47F0 /* MainView.swift in Sources */ = {isa = PBXBuildFile; fileRef = 4A3B7F962B53C0EB000C47F0 /* MainView.swift */; };
		4A3B7F992B53C0EE000C47F0 /* Assets.xcassets in Resources */ = {isa = PBXBuildFile; fileRef = 4A3B7F982B53C0EE000C47F0 /* Assets.xcassets */; };
		4A3B7F9C2B53C0EE000C47F0 /* Preview Assets.xcassets in Resources */ = {isa = PBXBuildFile; fileRef = 4A3B7F9B2B53C0EE000C47F0 /* Preview Assets.xcassets */; };
		4A3B7FA62B53C0EE000C47F0 /* IGT_Music_WorkshopTests.swift in Sources */ = {isa = PBXBuildFile; fileRef = 4A3B7FA52B53C0EE000C47F0 /* IGT_Music_WorkshopTests.swift */; };
		4A3B7FB02B53C0EE000C47F0 /* IGT_Music_WorkshopUITests.swift in Sources */ = {isa = PBXBuildFile; fileRef = 4A3B7FAF2B53C0EE000C47F0 /* IGT_Music_WorkshopUITests.swift */; };
		4A3B7FB22B53C0EE000C47F0 /* IGT_Music_WorkshopUITestsLaunchTests.swift in Sources */ = {isa = PBXBuildFile; fileRef = 4A3B7FB12B53C0EE000C47F0 /* IGT_Music_WorkshopUITestsLaunchTests.swift */; };
		4A6552F42B658CE7004996FC /* Validation.swift in Sources */ = {isa = PBXBuildFile; fileRef = 4A6552F32B658CE7004996FC /* Validation.swift */; };
		4A6552F62B66B9CB004996FC /* TextFields.swift in Sources */ = {isa = PBXBuildFile; fileRef = 4A6552F52B66B9CB004996FC /* TextFields.swift */; };
		4A6552F82B67C280004996FC /* RegistrationView.swift in Sources */ = {isa = PBXBuildFile; fileRef = 4A6552F72B67C280004996FC /* RegistrationView.swift */; };
		4AC53C3D2B64507B00746C27 /* LoginView.swift in Sources */ = {isa = PBXBuildFile; fileRef = 4AC53C3C2B64507B00746C27 /* LoginView.swift */; };
		4AC53C3F2B64516800746C27 /* AuraView.swift in Sources */ = {isa = PBXBuildFile; fileRef = 4AC53C3E2B64516800746C27 /* AuraView.swift */; };
/* End PBXBuildFile section */

/* Begin PBXContainerItemProxy section */
		4A3B7FA22B53C0EE000C47F0 /* PBXContainerItemProxy */ = {
			isa = PBXContainerItemProxy;
			containerPortal = 4A3B7F892B53C0EB000C47F0 /* Project object */;
			proxyType = 1;
			remoteGlobalIDString = 4A3B7F902B53C0EB000C47F0;
			remoteInfo = "IGT Music Workshop";
		};
		4A3B7FAC2B53C0EE000C47F0 /* PBXContainerItemProxy */ = {
			isa = PBXContainerItemProxy;
			containerPortal = 4A3B7F892B53C0EB000C47F0 /* Project object */;
			proxyType = 1;
			remoteGlobalIDString = 4A3B7F902B53C0EB000C47F0;
			remoteInfo = "IGT Music Workshop";
		};
/* End PBXContainerItemProxy section */

/* Begin PBXFileReference section */
		4A3B7F912B53C0EB000C47F0 /* IGT Music Workshop.app */ = {isa = PBXFileReference; explicitFileType = wrapper.application; includeInIndex = 0; path = "IGT Music Workshop.app"; sourceTree = BUILT_PRODUCTS_DIR; };
		4A3B7F942B53C0EB000C47F0 /* IGT_Music_WorkshopApp.swift */ = {isa = PBXFileReference; lastKnownFileType = sourcecode.swift; path = IGT_Music_WorkshopApp.swift; sourceTree = "<group>"; };
		4A3B7F962B53C0EB000C47F0 /* MainView.swift */ = {isa = PBXFileReference; lastKnownFileType = sourcecode.swift; path = MainView.swift; sourceTree = "<group>"; };
		4A3B7F982B53C0EE000C47F0 /* Assets.xcassets */ = {isa = PBXFileReference; lastKnownFileType = folder.assetcatalog; path = Assets.xcassets; sourceTree = "<group>"; };
		4A3B7F9B2B53C0EE000C47F0 /* Preview Assets.xcassets */ = {isa = PBXFileReference; lastKnownFileType = folder.assetcatalog; path = "Preview Assets.xcassets"; sourceTree = "<group>"; };
		4A3B7FA12B53C0EE000C47F0 /* IGT Music WorkshopTests.xctest */ = {isa = PBXFileReference; explicitFileType = wrapper.cfbundle; includeInIndex = 0; path = "IGT Music WorkshopTests.xctest"; sourceTree = BUILT_PRODUCTS_DIR; };
		4A3B7FA52B53C0EE000C47F0 /* IGT_Music_WorkshopTests.swift */ = {isa = PBXFileReference; lastKnownFileType = sourcecode.swift; path = IGT_Music_WorkshopTests.swift; sourceTree = "<group>"; };
		4A3B7FAB2B53C0EE000C47F0 /* IGT Music WorkshopUITests.xctest */ = {isa = PBXFileReference; explicitFileType = wrapper.cfbundle; includeInIndex = 0; path = "IGT Music WorkshopUITests.xctest"; sourceTree = BUILT_PRODUCTS_DIR; };
		4A3B7FAF2B53C0EE000C47F0 /* IGT_Music_WorkshopUITests.swift */ = {isa = PBXFileReference; lastKnownFileType = sourcecode.swift; path = IGT_Music_WorkshopUITests.swift; sourceTree = "<group>"; };
		4A3B7FB12B53C0EE000C47F0 /* IGT_Music_WorkshopUITestsLaunchTests.swift */ = {isa = PBXFileReference; lastKnownFileType = sourcecode.swift; path = IGT_Music_WorkshopUITestsLaunchTests.swift; sourceTree = "<group>"; };
		4A6552F32B658CE7004996FC /* Validation.swift */ = {isa = PBXFileReference; lastKnownFileType = sourcecode.swift; path = Validation.swift; sourceTree = "<group>"; };
		4A6552F52B66B9CB004996FC /* TextFields.swift */ = {isa = PBXFileReference; lastKnownFileType = sourcecode.swift; path = TextFields.swift; sourceTree = "<group>"; };
		4A6552F72B67C280004996FC /* RegistrationView.swift */ = {isa = PBXFileReference; lastKnownFileType = sourcecode.swift; path = RegistrationView.swift; sourceTree = "<group>"; };
		4AC53C3C2B64507B00746C27 /* LoginView.swift */ = {isa = PBXFileReference; lastKnownFileType = sourcecode.swift; path = LoginView.swift; sourceTree = "<group>"; };
		4AC53C3E2B64516800746C27 /* AuraView.swift */ = {isa = PBXFileReference; lastKnownFileType = sourcecode.swift; path = AuraView.swift; sourceTree = "<group>"; };
/* End PBXFileReference section */

/* Begin PBXFrameworksBuildPhase section */
		4A3B7F8E2B53C0EB000C47F0 /* Frameworks */ = {
			isa = PBXFrameworksBuildPhase;
			buildActionMask = 2147483647;
			files = (
			);
			runOnlyForDeploymentPostprocessing = 0;
		};
		4A3B7F9E2B53C0EE000C47F0 /* Frameworks */ = {
			isa = PBXFrameworksBuildPhase;
			buildActionMask = 2147483647;
			files = (
			);
			runOnlyForDeploymentPostprocessing = 0;
		};
		4A3B7FA82B53C0EE000C47F0 /* Frameworks */ = {
			isa = PBXFrameworksBuildPhase;
			buildActionMask = 2147483647;
			files = (
			);
			runOnlyForDeploymentPostprocessing = 0;
		};
/* End PBXFrameworksBuildPhase section */

/* Begin PBXGroup section */
		4A3B7F882B53C0EB000C47F0 = {
			isa = PBXGroup;
			children = (
				4A3B7F932B53C0EB000C47F0 /* IGT Music Workshop */,
				4A3B7FA42B53C0EE000C47F0 /* IGT Music WorkshopTests */,
				4A3B7FAE2B53C0EE000C47F0 /* IGT Music WorkshopUITests */,
				4A3B7F922B53C0EB000C47F0 /* Products */,
			);
			sourceTree = "<group>";
		};
		4A3B7F922B53C0EB000C47F0 /* Products */ = {
			isa = PBXGroup;
			children = (
				4A3B7F912B53C0EB000C47F0 /* IGT Music Workshop.app */,
				4A3B7FA12B53C0EE000C47F0 /* IGT Music WorkshopTests.xctest */,
				4A3B7FAB2B53C0EE000C47F0 /* IGT Music WorkshopUITests.xctest */,
			);
			name = Products;
			sourceTree = "<group>";
		};
		4A3B7F932B53C0EB000C47F0 /* IGT Music Workshop */ = {
			isa = PBXGroup;
			children = (
				4A3B7F942B53C0EB000C47F0 /* IGT_Music_WorkshopApp.swift */,
				4A3B7F962B53C0EB000C47F0 /* MainView.swift */,
				4AC53C3C2B64507B00746C27 /* LoginView.swift */,
				4A6552F72B67C280004996FC /* RegistrationView.swift */,
				4A6552F52B66B9CB004996FC /* TextFields.swift */,
				4A6552F32B658CE7004996FC /* Validation.swift */,
				4AC53C3E2B64516800746C27 /* AuraView.swift */,
				4A3B7F982B53C0EE000C47F0 /* Assets.xcassets */,
				4A3B7F9A2B53C0EE000C47F0 /* Preview Content */,
			);
			path = "IGT Music Workshop";
			sourceTree = "<group>";
		};
		4A3B7F9A2B53C0EE000C47F0 /* Preview Content */ = {
			isa = PBXGroup;
			children = (
				4A3B7F9B2B53C0EE000C47F0 /* Preview Assets.xcassets */,
			);
			path = "Preview Content";
			sourceTree = "<group>";
		};
		4A3B7FA42B53C0EE000C47F0 /* IGT Music WorkshopTests */ = {
			isa = PBXGroup;
			children = (
				4A3B7FA52B53C0EE000C47F0 /* IGT_Music_WorkshopTests.swift */,
			);
			path = "IGT Music WorkshopTests";
			sourceTree = "<group>";
		};
		4A3B7FAE2B53C0EE000C47F0 /* IGT Music WorkshopUITests */ = {
			isa = PBXGroup;
			children = (
				4A3B7FAF2B53C0EE000C47F0 /* IGT_Music_WorkshopUITests.swift */,
				4A3B7FB12B53C0EE000C47F0 /* IGT_Music_WorkshopUITestsLaunchTests.swift */,
			);
			path = "IGT Music WorkshopUITests";
			sourceTree = "<group>";
		};
/* End PBXGroup section */

/* Begin PBXNativeTarget section */
		4A3B7F902B53C0EB000C47F0 /* IGT Music Workshop */ = {
			isa = PBXNativeTarget;
			buildConfigurationList = 4A3B7FB52B53C0EE000C47F0 /* Build configuration list for PBXNativeTarget "IGT Music Workshop" */;
			buildPhases = (
				4A3B7F8D2B53C0EB000C47F0 /* Sources */,
				4A3B7F8E2B53C0EB000C47F0 /* Frameworks */,
				4A3B7F8F2B53C0EB000C47F0 /* Resources */,
			);
			buildRules = (
			);
			dependencies = (
			);
			name = "IGT Music Workshop";
			productName = "IGT Music Workshop";
			productReference = 4A3B7F912B53C0EB000C47F0 /* IGT Music Workshop.app */;
			productType = "com.apple.product-type.application";
		};
		4A3B7FA02B53C0EE000C47F0 /* IGT Music WorkshopTests */ = {
			isa = PBXNativeTarget;
			buildConfigurationList = 4A3B7FB82B53C0EE000C47F0 /* Build configuration list for PBXNativeTarget "IGT Music WorkshopTests" */;
			buildPhases = (
				4A3B7F9D2B53C0EE000C47F0 /* Sources */,
				4A3B7F9E2B53C0EE000C47F0 /* Frameworks */,
				4A3B7F9F2B53C0EE000C47F0 /* Resources */,
			);
			buildRules = (
			);
			dependencies = (
				4A3B7FA32B53C0EE000C47F0 /* PBXTargetDependency */,
			);
			name = "IGT Music WorkshopTests";
			productName = "IGT Music WorkshopTests";
			productReference = 4A3B7FA12B53C0EE000C47F0 /* IGT Music WorkshopTests.xctest */;
			productType = "com.apple.product-type.bundle.unit-test";
		};
		4A3B7FAA2B53C0EE000C47F0 /* IGT Music WorkshopUITests */ = {
			isa = PBXNativeTarget;
			buildConfigurationList = 4A3B7FBB2B53C0EE000C47F0 /* Build configuration list for PBXNativeTarget "IGT Music WorkshopUITests" */;
			buildPhases = (
				4A3B7FA72B53C0EE000C47F0 /* Sources */,
				4A3B7FA82B53C0EE000C47F0 /* Frameworks */,
				4A3B7FA92B53C0EE000C47F0 /* Resources */,
			);
			buildRules = (
			);
			dependencies = (
				4A3B7FAD2B53C0EE000C47F0 /* PBXTargetDependency */,
			);
			name = "IGT Music WorkshopUITests";
			productName = "IGT Music WorkshopUITests";
			productReference = 4A3B7FAB2B53C0EE000C47F0 /* IGT Music WorkshopUITests.xctest */;
			productType = "com.apple.product-type.bundle.ui-testing";
		};
/* End PBXNativeTarget section */

/* Begin PBXProject section */
		4A3B7F892B53C0EB000C47F0 /* Project object */ = {
			isa = PBXProject;
			attributes = {
				BuildIndependentTargetsInParallel = 1;
				LastSwiftUpdateCheck = 1520;
				LastUpgradeCheck = 1520;
				TargetAttributes = {
					4A3B7F902B53C0EB000C47F0 = {
						CreatedOnToolsVersion = 15.2;
					};
					4A3B7FA02B53C0EE000C47F0 = {
						CreatedOnToolsVersion = 15.2;
						TestTargetID = 4A3B7F902B53C0EB000C47F0;
					};
					4A3B7FAA2B53C0EE000C47F0 = {
						CreatedOnToolsVersion = 15.2;
						TestTargetID = 4A3B7F902B53C0EB000C47F0;
					};
				};
			};
			buildConfigurationList = 4A3B7F8C2B53C0EB000C47F0 /* Build configuration list for PBXProject "IGT Music Workshop" */;
			compatibilityVersion = "Xcode 14.0";
			developmentRegion = en;
			hasScannedForEncodings = 0;
			knownRegions = (
				en,
				Base,
			);
			mainGroup = 4A3B7F882B53C0EB000C47F0;
			productRefGroup = 4A3B7F922B53C0EB000C47F0 /* Products */;
			projectDirPath = "";
			projectRoot = "";
			targets = (
				4A3B7F902B53C0EB000C47F0 /* IGT Music Workshop */,
				4A3B7FA02B53C0EE000C47F0 /* IGT Music WorkshopTests */,
				4A3B7FAA2B53C0EE000C47F0 /* IGT Music WorkshopUITests */,
			);
		};
/* End PBXProject section */

/* Begin PBXResourcesBuildPhase section */
		4A3B7F8F2B53C0EB000C47F0 /* Resources */ = {
			isa = PBXResourcesBuildPhase;
			buildActionMask = 2147483647;
			files = (
				4A3B7F9C2B53C0EE000C47F0 /* Preview Assets.xcassets in Resources */,
				4A3B7F992B53C0EE000C47F0 /* Assets.xcassets in Resources */,
			);
			runOnlyForDeploymentPostprocessing = 0;
		};
		4A3B7F9F2B53C0EE000C47F0 /* Resources */ = {
			isa = PBXResourcesBuildPhase;
			buildActionMask = 2147483647;
			files = (
			);
			runOnlyForDeploymentPostprocessing = 0;
		};
		4A3B7FA92B53C0EE000C47F0 /* Resources */ = {
			isa = PBXResourcesBuildPhase;
			buildActionMask = 2147483647;
			files = (
			);
			runOnlyForDeploymentPostprocessing = 0;
		};
/* End PBXResourcesBuildPhase section */

/* Begin PBXSourcesBuildPhase section */
		4A3B7F8D2B53C0EB000C47F0 /* Sources */ = {
			isa = PBXSourcesBuildPhase;
			buildActionMask = 2147483647;
			files = (
				4AC53C3D2B64507B00746C27 /* LoginView.swift in Sources */,
				4AC53C3F2B64516800746C27 /* AuraView.swift in Sources */,
				4A3B7F972B53C0EB000C47F0 /* MainView.swift in Sources */,
				4A6552F82B67C280004996FC /* RegistrationView.swift in Sources */,
				4A6552F42B658CE7004996FC /* Validation.swift in Sources */,
				4A3B7F952B53C0EB000C47F0 /* IGT_Music_WorkshopApp.swift in Sources */,
				4A6552F62B66B9CB004996FC /* TextFields.swift in Sources */,
			);
			runOnlyForDeploymentPostprocessing = 0;
		};
		4A3B7F9D2B53C0EE000C47F0 /* Sources */ = {
			isa = PBXSourcesBuildPhase;
			buildActionMask = 2147483647;
			files = (
				4A3B7FA62B53C0EE000C47F0 /* IGT_Music_WorkshopTests.swift in Sources */,
			);
			runOnlyForDeploymentPostprocessing = 0;
		};
		4A3B7FA72B53C0EE000C47F0 /* Sources */ = {
			isa = PBXSourcesBuildPhase;
			buildActionMask = 2147483647;
			files = (
				4A3B7FB22B53C0EE000C47F0 /* IGT_Music_WorkshopUITestsLaunchTests.swift in Sources */,
				4A3B7FB02B53C0EE000C47F0 /* IGT_Music_WorkshopUITests.swift in Sources */,
			);
			runOnlyForDeploymentPostprocessing = 0;
		};
/* End PBXSourcesBuildPhase section */

/* Begin PBXTargetDependency section */
		4A3B7FA32B53C0EE000C47F0 /* PBXTargetDependency */ = {
			isa = PBXTargetDependency;
			target = 4A3B7F902B53C0EB000C47F0 /* IGT Music Workshop */;
			targetProxy = 4A3B7FA22B53C0EE000C47F0 /* PBXContainerItemProxy */;
		};
		4A3B7FAD2B53C0EE000C47F0 /* PBXTargetDependency */ = {
			isa = PBXTargetDependency;
			target = 4A3B7F902B53C0EB000C47F0 /* IGT Music Workshop */;
			targetProxy = 4A3B7FAC2B53C0EE000C47F0 /* PBXContainerItemProxy */;
		};
/* End PBXTargetDependency section */

/* Begin XCBuildConfiguration section */
		4A3B7FB32B53C0EE000C47F0 /* Debug */ = {
			isa = XCBuildConfiguration;
			buildSettings = {
				ALWAYS_SEARCH_USER_PATHS = NO;
				ASSETCATALOG_COMPILER_GENERATE_SWIFT_ASSET_SYMBOL_EXTENSIONS = YES;
				CLANG_ANALYZER_NONNULL = YES;
				CLANG_ANALYZER_NUMBER_OBJECT_CONVERSION = YES_AGGRESSIVE;
				CLANG_CXX_LANGUAGE_STANDARD = "gnu++20";
				CLANG_ENABLE_MODULES = YES;
				CLANG_ENABLE_OBJC_ARC = YES;
				CLANG_ENABLE_OBJC_WEAK = YES;
				CLANG_WARN_BLOCK_CAPTURE_AUTORELEASING = YES;
				CLANG_WARN_BOOL_CONVERSION = YES;
				CLANG_WARN_COMMA = YES;
				CLANG_WARN_CONSTANT_CONVERSION = YES;
				CLANG_WARN_DEPRECATED_OBJC_IMPLEMENTATIONS = YES;
				CLANG_WARN_DIRECT_OBJC_ISA_USAGE = YES_ERROR;
				CLANG_WARN_DOCUMENTATION_COMMENTS = YES;
				CLANG_WARN_EMPTY_BODY = YES;
				CLANG_WARN_ENUM_CONVERSION = YES;
				CLANG_WARN_INFINITE_RECURSION = YES;
				CLANG_WARN_INT_CONVERSION = YES;
				CLANG_WARN_NON_LITERAL_NULL_CONVERSION = YES;
				CLANG_WARN_OBJC_IMPLICIT_RETAIN_SELF = YES;
				CLANG_WARN_OBJC_LITERAL_CONVERSION = YES;
				CLANG_WARN_OBJC_ROOT_CLASS = YES_ERROR;
				CLANG_WARN_QUOTED_INCLUDE_IN_FRAMEWORK_HEADER = YES;
				CLANG_WARN_RANGE_LOOP_ANALYSIS = YES;
				CLANG_WARN_STRICT_PROTOTYPES = YES;
				CLANG_WARN_SUSPICIOUS_MOVE = YES;
				CLANG_WARN_UNGUARDED_AVAILABILITY = YES_AGGRESSIVE;
				CLANG_WARN_UNREACHABLE_CODE = YES;
				CLANG_WARN__DUPLICATE_METHOD_MATCH = YES;
				COPY_PHASE_STRIP = NO;
				DEBUG_INFORMATION_FORMAT = dwarf;
				ENABLE_STRICT_OBJC_MSGSEND = YES;
				ENABLE_TESTABILITY = YES;
				ENABLE_USER_SCRIPT_SANDBOXING = YES;
				GCC_C_LANGUAGE_STANDARD = gnu17;
				GCC_DYNAMIC_NO_PIC = NO;
				GCC_NO_COMMON_BLOCKS = YES;
				GCC_OPTIMIZATION_LEVEL = 0;
				GCC_PREPROCESSOR_DEFINITIONS = (
					"DEBUG=1",
					"$(inherited)",
				);
				GCC_WARN_64_TO_32_BIT_CONVERSION = YES;
				GCC_WARN_ABOUT_RETURN_TYPE = YES_ERROR;
				GCC_WARN_UNDECLARED_SELECTOR = YES;
				GCC_WARN_UNINITIALIZED_AUTOS = YES_AGGRESSIVE;
				GCC_WARN_UNUSED_FUNCTION = YES;
				GCC_WARN_UNUSED_VARIABLE = YES;
				IPHONEOS_DEPLOYMENT_TARGET = 17.2;
				LOCALIZATION_PREFERS_STRING_CATALOGS = YES;
				MTL_ENABLE_DEBUG_INFO = INCLUDE_SOURCE;
				MTL_FAST_MATH = YES;
				ONLY_ACTIVE_ARCH = YES;
				SDKROOT = iphoneos;
				SWIFT_ACTIVE_COMPILATION_CONDITIONS = "DEBUG $(inherited)";
				SWIFT_OPTIMIZATION_LEVEL = "-Onone";
			};
			name = Debug;
		};
		4A3B7FB42B53C0EE000C47F0 /* Release */ = {
			isa = XCBuildConfiguration;
			buildSettings = {
				ALWAYS_SEARCH_USER_PATHS = NO;
				ASSETCATALOG_COMPILER_GENERATE_SWIFT_ASSET_SYMBOL_EXTENSIONS = YES;
				CLANG_ANALYZER_NONNULL = YES;
				CLANG_ANALYZER_NUMBER_OBJECT_CONVERSION = YES_AGGRESSIVE;
				CLANG_CXX_LANGUAGE_STANDARD = "gnu++20";
				CLANG_ENABLE_MODULES = YES;
				CLANG_ENABLE_OBJC_ARC = YES;
				CLANG_ENABLE_OBJC_WEAK = YES;
				CLANG_WARN_BLOCK_CAPTURE_AUTORELEASING = YES;
				CLANG_WARN_BOOL_CONVERSION = YES;
				CLANG_WARN_COMMA = YES;
				CLANG_WARN_CONSTANT_CONVERSION = YES;
				CLANG_WARN_DEPRECATED_OBJC_IMPLEMENTATIONS = YES;
				CLANG_WARN_DIRECT_OBJC_ISA_USAGE = YES_ERROR;
				CLANG_WARN_DOCUMENTATION_COMMENTS = YES;
				CLANG_WARN_EMPTY_BODY = YES;
				CLANG_WARN_ENUM_CONVERSION = YES;
				CLANG_WARN_INFINITE_RECURSION = YES;
				CLANG_WARN_INT_CONVERSION = YES;
				CLANG_WARN_NON_LITERAL_NULL_CONVERSION = YES;
				CLANG_WARN_OBJC_IMPLICIT_RETAIN_SELF = YES;
				CLANG_WARN_OBJC_LITERAL_CONVERSION = YES;
				CLANG_WARN_OBJC_ROOT_CLASS = YES_ERROR;
				CLANG_WARN_QUOTED_INCLUDE_IN_FRAMEWORK_HEADER = YES;
				CLANG_WARN_RANGE_LOOP_ANALYSIS = YES;
				CLANG_WARN_STRICT_PROTOTYPES = YES;
				CLANG_WARN_SUSPICIOUS_MOVE = YES;
				CLANG_WARN_UNGUARDED_AVAILABILITY = YES_AGGRESSIVE;
				CLANG_WARN_UNREACHABLE_CODE = YES;
				CLANG_WARN__DUPLICATE_METHOD_MATCH = YES;
				COPY_PHASE_STRIP = NO;
				DEBUG_INFORMATION_FORMAT = "dwarf-with-dsym";
				ENABLE_NS_ASSERTIONS = NO;
				ENABLE_STRICT_OBJC_MSGSEND = YES;
				ENABLE_USER_SCRIPT_SANDBOXING = YES;
				GCC_C_LANGUAGE_STANDARD = gnu17;
				GCC_NO_COMMON_BLOCKS = YES;
				GCC_WARN_64_TO_32_BIT_CONVERSION = YES;
				GCC_WARN_ABOUT_RETURN_TYPE = YES_ERROR;
				GCC_WARN_UNDECLARED_SELECTOR = YES;
				GCC_WARN_UNINITIALIZED_AUTOS = YES_AGGRESSIVE;
				GCC_WARN_UNUSED_FUNCTION = YES;
				GCC_WARN_UNUSED_VARIABLE = YES;
				IPHONEOS_DEPLOYMENT_TARGET = 17.2;
				LOCALIZATION_PREFERS_STRING_CATALOGS = YES;
				MTL_ENABLE_DEBUG_INFO = NO;
				MTL_FAST_MATH = YES;
				SDKROOT = iphoneos;
				SWIFT_COMPILATION_MODE = wholemodule;
				VALIDATE_PRODUCT = YES;
			};
			name = Release;
		};
		4A3B7FB62B53C0EE000C47F0 /* Debug */ = {
			isa = XCBuildConfiguration;
			buildSettings = {
				ASSETCATALOG_COMPILER_APPICON_NAME = AppIcon;
				ASSETCATALOG_COMPILER_GLOBAL_ACCENT_COLOR_NAME = AccentColor;
				CODE_SIGN_STYLE = Automatic;
				CURRENT_PROJECT_VERSION = 1;
				DEVELOPMENT_ASSET_PATHS = "\"IGT Music Workshop/Preview Content\"";
				DEVELOPMENT_TEAM = KASPKC8937;
				ENABLE_PREVIEWS = YES;
				GENERATE_INFOPLIST_FILE = YES;
				INFOPLIST_KEY_LSApplicationCategoryType = "public.app-category.music";
				INFOPLIST_KEY_UIApplicationSceneManifest_Generation = YES;
				INFOPLIST_KEY_UIApplicationSupportsIndirectInputEvents = YES;
				INFOPLIST_KEY_UILaunchScreen_Generation = YES;
				INFOPLIST_KEY_UIStatusBarStyle = UIStatusBarStyleDarkContent;
				INFOPLIST_KEY_UISupportedInterfaceOrientations = UIInterfaceOrientationPortrait;
				INFOPLIST_KEY_UISupportedInterfaceOrientations_iPad = "UIInterfaceOrientationLandscapeLeft UIInterfaceOrientationLandscapeRight UIInterfaceOrientationPortrait UIInterfaceOrientationPortraitUpsideDown";
				IPHONEOS_DEPLOYMENT_TARGET = 16.0;
				LD_RUNPATH_SEARCH_PATHS = (
					"$(inherited)",
					"@executable_path/Frameworks",
				);
				MARKETING_VERSION = 1.0;
				PRODUCT_BUNDLE_IDENTIFIER = "IGT.IGT-Music-Workshop";
				PRODUCT_NAME = "$(TARGET_NAME)";
				SUPPORTED_PLATFORMS = "iphoneos iphonesimulator";
				SUPPORTS_MACCATALYST = NO;
				SUPPORTS_MAC_DESIGNED_FOR_IPHONE_IPAD = NO;
				SUPPORTS_XR_DESIGNED_FOR_IPHONE_IPAD = NO;
				SWIFT_EMIT_LOC_STRINGS = YES;
				SWIFT_VERSION = 5.0;
				TARGETED_DEVICE_FAMILY = 1;
			};
			name = Debug;
		};
		4A3B7FB72B53C0EE000C47F0 /* Release */ = {
			isa = XCBuildConfiguration;
			buildSettings = {
				ASSETCATALOG_COMPILER_APPICON_NAME = AppIcon;
				ASSETCATALOG_COMPILER_GLOBAL_ACCENT_COLOR_NAME = AccentColor;
				CODE_SIGN_STYLE = Automatic;
				CURRENT_PROJECT_VERSION = 1;
				DEVELOPMENT_ASSET_PATHS = "\"IGT Music Workshop/Preview Content\"";
				DEVELOPMENT_TEAM = KASPKC8937;
				ENABLE_PREVIEWS = YES;
				GENERATE_INFOPLIST_FILE = YES;
				INFOPLIST_KEY_LSApplicationCategoryType = "public.app-category.music";
				INFOPLIST_KEY_UIApplicationSceneManifest_Generation = YES;
				INFOPLIST_KEY_UIApplicationSupportsIndirectInputEvents = YES;
				INFOPLIST_KEY_UILaunchScreen_Generation = YES;
				INFOPLIST_KEY_UIStatusBarStyle = UIStatusBarStyleDarkContent;
				INFOPLIST_KEY_UISupportedInterfaceOrientations = UIInterfaceOrientationPortrait;
				INFOPLIST_KEY_UISupportedInterfaceOrientations_iPad = "UIInterfaceOrientationLandscapeLeft UIInterfaceOrientationLandscapeRight UIInterfaceOrientationPortrait UIInterfaceOrientationPortraitUpsideDown";
				IPHONEOS_DEPLOYMENT_TARGET = 16.0;
				LD_RUNPATH_SEARCH_PATHS = (
					"$(inherited)",
					"@executable_path/Frameworks",
				);
				MARKETING_VERSION = 1.0;
				PRODUCT_BUNDLE_IDENTIFIER = "IGT.IGT-Music-Workshop";
				PRODUCT_NAME = "$(TARGET_NAME)";
				SUPPORTED_PLATFORMS = "iphoneos iphonesimulator";
				SUPPORTS_MACCATALYST = NO;
				SUPPORTS_MAC_DESIGNED_FOR_IPHONE_IPAD = NO;
				SUPPORTS_XR_DESIGNED_FOR_IPHONE_IPAD = NO;
				SWIFT_EMIT_LOC_STRINGS = YES;
				SWIFT_VERSION = 5.0;
				TARGETED_DEVICE_FAMILY = 1;
			};
			name = Release;
		};
		4A3B7FB92B53C0EE000C47F0 /* Debug */ = {
			isa = XCBuildConfiguration;
			buildSettings = {
				ALWAYS_EMBED_SWIFT_STANDARD_LIBRARIES = YES;
				BUNDLE_LOADER = "$(TEST_HOST)";
				CODE_SIGN_STYLE = Automatic;
				CURRENT_PROJECT_VERSION = 1;
				GENERATE_INFOPLIST_FILE = YES;
				IPHONEOS_DEPLOYMENT_TARGET = 17.2;
				MARKETING_VERSION = 1.0;
				PRODUCT_BUNDLE_IDENTIFIER = "IGT.IGT-Music-WorkshopTests";
				PRODUCT_NAME = "$(TARGET_NAME)";
				SUPPORTED_PLATFORMS = "iphoneos iphonesimulator";
				SUPPORTS_MACCATALYST = NO;
				SUPPORTS_MAC_DESIGNED_FOR_IPHONE_IPAD = NO;
				SUPPORTS_XR_DESIGNED_FOR_IPHONE_IPAD = NO;
				SWIFT_EMIT_LOC_STRINGS = NO;
				SWIFT_VERSION = 5.0;
				TARGETED_DEVICE_FAMILY = 1;
				TEST_HOST = "$(BUILT_PRODUCTS_DIR)/IGT Music Workshop.app/$(BUNDLE_EXECUTABLE_FOLDER_PATH)/IGT Music Workshop";
			};
			name = Debug;
		};
		4A3B7FBA2B53C0EE000C47F0 /* Release */ = {
			isa = XCBuildConfiguration;
			buildSettings = {
				ALWAYS_EMBED_SWIFT_STANDARD_LIBRARIES = YES;
				BUNDLE_LOADER = "$(TEST_HOST)";
				CODE_SIGN_STYLE = Automatic;
				CURRENT_PROJECT_VERSION = 1;
				GENERATE_INFOPLIST_FILE = YES;
				IPHONEOS_DEPLOYMENT_TARGET = 17.2;
				MARKETING_VERSION = 1.0;
				PRODUCT_BUNDLE_IDENTIFIER = "IGT.IGT-Music-WorkshopTests";
				PRODUCT_NAME = "$(TARGET_NAME)";
				SUPPORTED_PLATFORMS = "iphoneos iphonesimulator";
				SUPPORTS_MACCATALYST = NO;
				SUPPORTS_MAC_DESIGNED_FOR_IPHONE_IPAD = NO;
				SUPPORTS_XR_DESIGNED_FOR_IPHONE_IPAD = NO;
				SWIFT_EMIT_LOC_STRINGS = NO;
				SWIFT_VERSION = 5.0;
				TARGETED_DEVICE_FAMILY = 1;
				TEST_HOST = "$(BUILT_PRODUCTS_DIR)/IGT Music Workshop.app/$(BUNDLE_EXECUTABLE_FOLDER_PATH)/IGT Music Workshop";
			};
			name = Release;
		};
		4A3B7FBC2B53C0EE000C47F0 /* Debug */ = {
			isa = XCBuildConfiguration;
			buildSettings = {
				ALWAYS_EMBED_SWIFT_STANDARD_LIBRARIES = YES;
				CODE_SIGN_STYLE = Automatic;
				CURRENT_PROJECT_VERSION = 1;
				GENERATE_INFOPLIST_FILE = YES;
				MARKETING_VERSION = 1.0;
				PRODUCT_BUNDLE_IDENTIFIER = "IGT.IGT-Music-WorkshopUITests";
				PRODUCT_NAME = "$(TARGET_NAME)";
				SUPPORTED_PLATFORMS = "iphoneos iphonesimulator";
				SUPPORTS_MACCATALYST = NO;
				SUPPORTS_MAC_DESIGNED_FOR_IPHONE_IPAD = NO;
				SUPPORTS_XR_DESIGNED_FOR_IPHONE_IPAD = NO;
				SWIFT_EMIT_LOC_STRINGS = NO;
				SWIFT_VERSION = 5.0;
				TARGETED_DEVICE_FAMILY = 1;
				TEST_TARGET_NAME = "IGT Music Workshop";
			};
			name = Debug;
		};
		4A3B7FBD2B53C0EE000C47F0 /* Release */ = {
			isa = XCBuildConfiguration;
			buildSettings = {
				ALWAYS_EMBED_SWIFT_STANDARD_LIBRARIES = YES;
				CODE_SIGN_STYLE = Automatic;
				CURRENT_PROJECT_VERSION = 1;
				GENERATE_INFOPLIST_FILE = YES;
				MARKETING_VERSION = 1.0;
				PRODUCT_BUNDLE_IDENTIFIER = "IGT.IGT-Music-WorkshopUITests";
				PRODUCT_NAME = "$(TARGET_NAME)";
				SUPPORTED_PLATFORMS = "iphoneos iphonesimulator";
				SUPPORTS_MACCATALYST = NO;
				SUPPORTS_MAC_DESIGNED_FOR_IPHONE_IPAD = NO;
				SUPPORTS_XR_DESIGNED_FOR_IPHONE_IPAD = NO;
				SWIFT_EMIT_LOC_STRINGS = NO;
				SWIFT_VERSION = 5.0;
				TARGETED_DEVICE_FAMILY = 1;
				TEST_TARGET_NAME = "IGT Music Workshop";
			};
			name = Release;
		};
/* End XCBuildConfiguration section */

/* Begin XCConfigurationList section */
		4A3B7F8C2B53C0EB000C47F0 /* Build configuration list for PBXProject "IGT Music Workshop" */ = {
			isa = XCConfigurationList;
			buildConfigurations = (
				4A3B7FB32B53C0EE000C47F0 /* Debug */,
				4A3B7FB42B53C0EE000C47F0 /* Release */,
			);
			defaultConfigurationIsVisible = 0;
			defaultConfigurationName = Release;
		};
		4A3B7FB52B53C0EE000C47F0 /* Build configuration list for PBXNativeTarget "IGT Music Workshop" */ = {
			isa = XCConfigurationList;
			buildConfigurations = (
				4A3B7FB62B53C0EE000C47F0 /* Debug */,
				4A3B7FB72B53C0EE000C47F0 /* Release */,
			);
			defaultConfigurationIsVisible = 0;
			defaultConfigurationName = Release;
		};
		4A3B7FB82B53C0EE000C47F0 /* Build configuration list for PBXNativeTarget "IGT Music WorkshopTests" */ = {
			isa = XCConfigurationList;
			buildConfigurations = (
				4A3B7FB92B53C0EE000C47F0 /* Debug */,
				4A3B7FBA2B53C0EE000C47F0 /* Release */,
			);
			defaultConfigurationIsVisible = 0;
			defaultConfigurationName = Release;
		};
		4A3B7FBB2B53C0EE000C47F0 /* Build configuration list for PBXNativeTarget "IGT Music WorkshopUITests" */ = {
			isa = XCConfigurationList;
			buildConfigurations = (
				4A3B7FBC2B53C0EE000C47F0 /* Debug */,
				4A3B7FBD2B53C0EE000C47F0 /* Release */,
			);
			defaultConfigurationIsVisible = 0;
			defaultConfigurationName = Release;
		};
/* End XCConfigurationList section */
	};
	rootObject = 4A3B7F892B53C0EB000C47F0 /* Project object */;
}
